// !$*UTF8*$!
{
	archiveVersion = 1;
	classes = {
	};
	objectVersion = 46;
	objects = {

/* Begin PBXBuildFile section */
		E15B58051DEB5E8D00322122 /* CollectionViewCell.swift in Sources */ = {isa = PBXBuildFile; fileRef = E15B58041DEB5E8D00322122 /* CollectionViewCell.swift */; };
		E15B58071DEB5EAE00322122 /* NewViewController.swift in Sources */ = {isa = PBXBuildFile; fileRef = E15B58061DEB5EAE00322122 /* NewViewController.swift */; };
		E15B58091DEB646000322122 /* Images.xcassets in Resources */ = {isa = PBXBuildFile; fileRef = E15B58081DEB646000322122 /* Images.xcassets */; };
		E16B82511DD11A2B008252F8 /* ThirdViewController.swift in Sources */ = {isa = PBXBuildFile; fileRef = E16B82501DD11A2B008252F8 /* ThirdViewController.swift */; };
		E16B82521DD11A2B008252F8 /* ThirdViewController.swift in Sources */ = {isa = PBXBuildFile; fileRef = E16B82501DD11A2B008252F8 /* ThirdViewController.swift */; };
		E1A722A41DF36F7700459508 /* MessageUI.framework in Frameworks */ = {isa = PBXBuildFile; fileRef = E1A722A31DF36F7700459508 /* MessageUI.framework */; };
		E1EE42B21DCF745F00B869AE /* AppDelegate.swift in Sources */ = {isa = PBXBuildFile; fileRef = E1EE42B11DCF745F00B869AE /* AppDelegate.swift */; };
		E1EE42B41DCF745F00B869AE /* FirstViewController.swift in Sources */ = {isa = PBXBuildFile; fileRef = E1EE42B31DCF745F00B869AE /* FirstViewController.swift */; };
		E1EE42B61DCF745F00B869AE /* SecondViewController.swift in Sources */ = {isa = PBXBuildFile; fileRef = E1EE42B51DCF745F00B869AE /* SecondViewController.swift */; };
		E1EE42B91DCF745F00B869AE /* Main.storyboard in Resources */ = {isa = PBXBuildFile; fileRef = E1EE42B71DCF745F00B869AE /* Main.storyboard */; };
		E1EE42BE1DCF745F00B869AE /* LaunchScreen.storyboard in Resources */ = {isa = PBXBuildFile; fileRef = E1EE42BC1DCF745F00B869AE /* LaunchScreen.storyboard */; };
		E1EE42C91DCF745F00B869AE /* MyVoiceTests.swift in Sources */ = {isa = PBXBuildFile; fileRef = E1EE42C81DCF745F00B869AE /* MyVoiceTests.swift */; };
		E1EE42D51DCF8D8700B869AE /* AVFoundation.framework in Frameworks */ = {isa = PBXBuildFile; fileRef = E1EE42D41DCF8D8700B869AE /* AVFoundation.framework */; };
/* End PBXBuildFile section */

/* Begin PBXContainerItemProxy section */
		E1EE42C51DCF745F00B869AE /* PBXContainerItemProxy */ = {
			isa = PBXContainerItemProxy;
			containerPortal = E1EE42A61DCF745E00B869AE /* Project object */;
			proxyType = 1;
			remoteGlobalIDString = E1EE42AD1DCF745E00B869AE;
			remoteInfo = MyVoice;
		};
/* End PBXContainerItemProxy section */

/* Begin PBXFileReference section */
		E15B58041DEB5E8D00322122 /* CollectionViewCell.swift */ = {isa = PBXFileReference; fileEncoding = 4; lastKnownFileType = sourcecode.swift; path = CollectionViewCell.swift; sourceTree = "<group>"; };
		E15B58061DEB5EAE00322122 /* NewViewController.swift */ = {isa = PBXFileReference; fileEncoding = 4; lastKnownFileType = sourcecode.swift; path = NewViewController.swift; sourceTree = "<group>"; };
		E15B58081DEB646000322122 /* Images.xcassets */ = {isa = PBXFileReference; lastKnownFileType = folder.assetcatalog; path = Images.xcassets; sourceTree = "<group>"; };
		E16B82501DD11A2B008252F8 /* ThirdViewController.swift */ = {isa = PBXFileReference; fileEncoding = 4; lastKnownFileType = sourcecode.swift; path = ThirdViewController.swift; sourceTree = "<group>"; };
		E1A722A31DF36F7700459508 /* MessageUI.framework */ = {isa = PBXFileReference; lastKnownFileType = wrapper.framework; name = MessageUI.framework; path = System/Library/Frameworks/MessageUI.framework; sourceTree = SDKROOT; };
		E1EE42AE1DCF745E00B869AE /* MyVoice.app */ = {isa = PBXFileReference; explicitFileType = wrapper.application; includeInIndex = 0; path = MyVoice.app; sourceTree = BUILT_PRODUCTS_DIR; };
		E1EE42B11DCF745F00B869AE /* AppDelegate.swift */ = {isa = PBXFileReference; lastKnownFileType = sourcecode.swift; path = AppDelegate.swift; sourceTree = "<group>"; };
		E1EE42B31DCF745F00B869AE /* FirstViewController.swift */ = {isa = PBXFileReference; lastKnownFileType = sourcecode.swift; path = FirstViewController.swift; sourceTree = "<group>"; };
		E1EE42B51DCF745F00B869AE /* SecondViewController.swift */ = {isa = PBXFileReference; lastKnownFileType = sourcecode.swift; path = SecondViewController.swift; sourceTree = "<group>"; };
		E1EE42B81DCF745F00B869AE /* Base */ = {isa = PBXFileReference; lastKnownFileType = file.storyboard; name = Base; path = Base.lproj/Main.storyboard; sourceTree = "<group>"; };
		E1EE42BD1DCF745F00B869AE /* Base */ = {isa = PBXFileReference; lastKnownFileType = file.storyboard; name = Base; path = Base.lproj/LaunchScreen.storyboard; sourceTree = "<group>"; };
		E1EE42BF1DCF745F00B869AE /* Info.plist */ = {isa = PBXFileReference; lastKnownFileType = text.plist.xml; path = Info.plist; sourceTree = "<group>"; };
		E1EE42C41DCF745F00B869AE /* MyVoiceTests.xctest */ = {isa = PBXFileReference; explicitFileType = wrapper.cfbundle; includeInIndex = 0; path = MyVoiceTests.xctest; sourceTree = BUILT_PRODUCTS_DIR; };
		E1EE42C81DCF745F00B869AE /* MyVoiceTests.swift */ = {isa = PBXFileReference; lastKnownFileType = sourcecode.swift; path = MyVoiceTests.swift; sourceTree = "<group>"; };
		E1EE42CA1DCF745F00B869AE /* Info.plist */ = {isa = PBXFileReference; lastKnownFileType = text.plist.xml; path = Info.plist; sourceTree = "<group>"; };
		E1EE42D41DCF8D8700B869AE /* AVFoundation.framework */ = {isa = PBXFileReference; lastKnownFileType = wrapper.framework; name = AVFoundation.framework; path = System/Library/Frameworks/AVFoundation.framework; sourceTree = SDKROOT; };
/* End PBXFileReference section */

/* Begin PBXFrameworksBuildPhase section */
		E1EE42AB1DCF745E00B869AE /* Frameworks */ = {
			isa = PBXFrameworksBuildPhase;
			buildActionMask = 2147483647;
			files = (
				E1A722A41DF36F7700459508 /* MessageUI.framework in Frameworks */,
				E1EE42D51DCF8D8700B869AE /* AVFoundation.framework in Frameworks */,
			);
			runOnlyForDeploymentPostprocessing = 0;
		};
		E1EE42C11DCF745F00B869AE /* Frameworks */ = {
			isa = PBXFrameworksBuildPhase;
			buildActionMask = 2147483647;
			files = (
			);
			runOnlyForDeploymentPostprocessing = 0;
		};
/* End PBXFrameworksBuildPhase section */

/* Begin PBXGroup section */
		E15B580B1DEB6A9000322122 /* SecondView */ = {
			isa = PBXGroup;
			children = (
				E1EE42B51DCF745F00B869AE /* SecondViewController.swift */,
				E15B58061DEB5EAE00322122 /* NewViewController.swift */,
				E15B58041DEB5E8D00322122 /* CollectionViewCell.swift */,
			);
			name = SecondView;
			sourceTree = "<group>";
		};
		E1EE42A51DCF745E00B869AE = {
			isa = PBXGroup;
			children = (
				E1EE42B01DCF745E00B869AE /* MyVoice */,
				E1EE42C71DCF745F00B869AE /* MyVoiceTests */,
				E1EE42AF1DCF745E00B869AE /* Products */,
				E1EE42D31DCF8D8700B869AE /* Frameworks */,
			);
			sourceTree = "<group>";
		};
		E1EE42AF1DCF745E00B869AE /* Products */ = {
			isa = PBXGroup;
			children = (
				E1EE42AE1DCF745E00B869AE /* MyVoice.app */,
				E1EE42C41DCF745F00B869AE /* MyVoiceTests.xctest */,
			);
			name = Products;
			sourceTree = "<group>";
		};
		E1EE42B01DCF745E00B869AE /* MyVoice */ = {
			isa = PBXGroup;
			children = (
				E1EE42B11DCF745F00B869AE /* AppDelegate.swift */,
				E1EE42B31DCF745F00B869AE /* FirstViewController.swift */,
				E15B580B1DEB6A9000322122 /* SecondView */,
				E16B82501DD11A2B008252F8 /* ThirdViewController.swift */,
				E1EE42B71DCF745F00B869AE /* Main.storyboard */,
				E15B58081DEB646000322122 /* Images.xcassets */,
				E1EE42BC1DCF745F00B869AE /* LaunchScreen.storyboard */,
				E1EE42BF1DCF745F00B869AE /* Info.plist */,
			);
			path = MyVoice;
			sourceTree = "<group>";
		};
		E1EE42C71DCF745F00B869AE /* MyVoiceTests */ = {
			isa = PBXGroup;
			children = (
				E1EE42C81DCF745F00B869AE /* MyVoiceTests.swift */,
				E1EE42CA1DCF745F00B869AE /* Info.plist */,
			);
			path = MyVoiceTests;
			sourceTree = "<group>";
		};
		E1EE42D31DCF8D8700B869AE /* Frameworks */ = {
			isa = PBXGroup;
			children = (
				E1A722A31DF36F7700459508 /* MessageUI.framework */,
				E1EE42D41DCF8D8700B869AE /* AVFoundation.framework */,
			);
			name = Frameworks;
			sourceTree = "<group>";
		};
/* End PBXGroup section */

/* Begin PBXNativeTarget section */
		E1EE42AD1DCF745E00B869AE /* MyVoice */ = {
			isa = PBXNativeTarget;
			buildConfigurationList = E1EE42CD1DCF745F00B869AE /* Build configuration list for PBXNativeTarget "MyVoice" */;
			buildPhases = (
				E1EE42AA1DCF745E00B869AE /* Sources */,
				E1EE42AB1DCF745E00B869AE /* Frameworks */,
				E1EE42AC1DCF745E00B869AE /* Resources */,
			);
			buildRules = (
			);
			dependencies = (
			);
			name = MyVoice;
			productName = MyVoice;
			productReference = E1EE42AE1DCF745E00B869AE /* MyVoice.app */;
			productType = "com.apple.product-type.application";
		};
		E1EE42C31DCF745F00B869AE /* MyVoiceTests */ = {
			isa = PBXNativeTarget;
			buildConfigurationList = E1EE42D01DCF745F00B869AE /* Build configuration list for PBXNativeTarget "MyVoiceTests" */;
			buildPhases = (
				E1EE42C01DCF745F00B869AE /* Sources */,
				E1EE42C11DCF745F00B869AE /* Frameworks */,
				E1EE42C21DCF745F00B869AE /* Resources */,
			);
			buildRules = (
			);
			dependencies = (
				E1EE42C61DCF745F00B869AE /* PBXTargetDependency */,
			);
			name = MyVoiceTests;
			productName = MyVoiceTests;
			productReference = E1EE42C41DCF745F00B869AE /* MyVoiceTests.xctest */;
			productType = "com.apple.product-type.bundle.unit-test";
		};
/* End PBXNativeTarget section */

/* Begin PBXProject section */
		E1EE42A61DCF745E00B869AE /* Project object */ = {
			isa = PBXProject;
			attributes = {
				LastSwiftUpdateCheck = 0800;
				LastUpgradeCheck = 0800;
				ORGANIZATIONNAME = Infinite;
				TargetAttributes = {
					E1EE42AD1DCF745E00B869AE = {
						CreatedOnToolsVersion = 8.0;
						DevelopmentTeam = V9858W9DAL;
						ProvisioningStyle = Automatic;
					};
					E1EE42C31DCF745F00B869AE = {
						CreatedOnToolsVersion = 8.0;
						DevelopmentTeam = V9858W9DAL;
						ProvisioningStyle = Automatic;
						TestTargetID = E1EE42AD1DCF745E00B869AE;
					};
				};
			};
			buildConfigurationList = E1EE42A91DCF745E00B869AE /* Build configuration list for PBXProject "MyVoice" */;
			compatibilityVersion = "Xcode 3.2";
			developmentRegion = English;
			hasScannedForEncodings = 0;
			knownRegions = (
				en,
				Base,
			);
			mainGroup = E1EE42A51DCF745E00B869AE;
			productRefGroup = E1EE42AF1DCF745E00B869AE /* Products */;
			projectDirPath = "";
			projectRoot = "";
			targets = (
				E1EE42AD1DCF745E00B869AE /* MyVoice */,
				E1EE42C31DCF745F00B869AE /* MyVoiceTests */,
			);
		};
/* End PBXProject section */

/* Begin PBXResourcesBuildPhase section */
		E1EE42AC1DCF745E00B869AE /* Resources */ = {
			isa = PBXResourcesBuildPhase;
			buildActionMask = 2147483647;
			files = (
				E15B58091DEB646000322122 /* Images.xcassets in Resources */,
				E1EE42BE1DCF745F00B869AE /* LaunchScreen.storyboard in Resources */,
				E1EE42B91DCF745F00B869AE /* Main.storyboard in Resources */,
			);
			runOnlyForDeploymentPostprocessing = 0;
		};
		E1EE42C21DCF745F00B869AE /* Resources */ = {
			isa = PBXResourcesBuildPhase;
			buildActionMask = 2147483647;
			files = (
			);
			runOnlyForDeploymentPostprocessing = 0;
		};
/* End PBXResourcesBuildPhase section */

/* Begin PBXSourcesBuildPhase section */
		E1EE42AA1DCF745E00B869AE /* Sources */ = {
			isa = PBXSourcesBuildPhase;
			buildActionMask = 2147483647;
			files = (
				E15B58051DEB5E8D00322122 /* CollectionViewCell.swift in Sources */,
				E1EE42B61DCF745F00B869AE /* SecondViewController.swift in Sources */,
				E1EE42B21DCF745F00B869AE /* AppDelegate.swift in Sources */,
				E15B58071DEB5EAE00322122 /* NewViewController.swift in Sources */,
				E16B82511DD11A2B008252F8 /* ThirdViewController.swift in Sources */,
				E1EE42B41DCF745F00B869AE /* FirstViewController.swift in Sources */,
			);
			runOnlyForDeploymentPostprocessing = 0;
		};
		E1EE42C01DCF745F00B869AE /* Sources */ = {
			isa = PBXSourcesBuildPhase;
			buildActionMask = 2147483647;
			files = (
				E16B82521DD11A2B008252F8 /* ThirdViewController.swift in Sources */,
				E1EE42C91DCF745F00B869AE /* MyVoiceTests.swift in Sources */,
			);
			runOnlyForDeploymentPostprocessing = 0;
		};
/* End PBXSourcesBuildPhase section */

/* Begin PBXTargetDependency section */
		E1EE42C61DCF745F00B869AE /* PBXTargetDependency */ = {
			isa = PBXTargetDependency;
			target = E1EE42AD1DCF745E00B869AE /* MyVoice */;
			targetProxy = E1EE42C51DCF745F00B869AE /* PBXContainerItemProxy */;
		};
/* End PBXTargetDependency section */

/* Begin PBXVariantGroup section */
		E1EE42B71DCF745F00B869AE /* Main.storyboard */ = {
			isa = PBXVariantGroup;
			children = (
				E1EE42B81DCF745F00B869AE /* Base */,
			);
			name = Main.storyboard;
			sourceTree = "<group>";
		};
		E1EE42BC1DCF745F00B869AE /* LaunchScreen.storyboard */ = {
			isa = PBXVariantGroup;
			children = (
				E1EE42BD1DCF745F00B869AE /* Base */,
			);
			name = LaunchScreen.storyboard;
			sourceTree = "<group>";
		};
/* End PBXVariantGroup section */

/* Begin XCBuildConfiguration section */
		E1EE42CB1DCF745F00B869AE /* Debug */ = {
			isa = XCBuildConfiguration;
			buildSettings = {
				ALWAYS_SEARCH_USER_PATHS = NO;
				CLANG_ANALYZER_NONNULL = YES;
				CLANG_CXX_LANGUAGE_STANDARD = "gnu++0x";
				CLANG_CXX_LIBRARY = "libc++";
				CLANG_ENABLE_MODULES = YES;
				CLANG_ENABLE_OBJC_ARC = YES;
				CLANG_WARN_BOOL_CONVERSION = YES;
				CLANG_WARN_CONSTANT_CONVERSION = YES;
				CLANG_WARN_DIRECT_OBJC_ISA_USAGE = YES_ERROR;
				CLANG_WARN_DOCUMENTATION_COMMENTS = YES;
				CLANG_WARN_EMPTY_BODY = YES;
				CLANG_WARN_ENUM_CONVERSION = YES;
				CLANG_WARN_INFINITE_RECURSION = YES;
				CLANG_WARN_INT_CONVERSION = YES;
				CLANG_WARN_OBJC_ROOT_CLASS = YES_ERROR;
				CLANG_WARN_SUSPICIOUS_MOVES = YES;
				CLANG_WARN_UNREACHABLE_CODE = YES;
				CLANG_WARN__DUPLICATE_METHOD_MATCH = YES;
				"CODE_SIGN_IDENTITY[sdk=iphoneos*]" = "iPhone Developer";
				COPY_PHASE_STRIP = NO;
				DEBUG_INFORMATION_FORMAT = dwarf;
				ENABLE_STRICT_OBJC_MSGSEND = YES;
				ENABLE_TESTABILITY = YES;
				GCC_C_LANGUAGE_STANDARD = gnu99;
				GCC_DYNAMIC_NO_PIC = NO;
				GCC_NO_COMMON_BLOCKS = YES;
				GCC_OPTIMIZATION_LEVEL = 0;
				GCC_PREPROCESSOR_DEFINITIONS = (
					"DEBUG=1",
					"$(inherited)",
				);
				GCC_WARN_64_TO_32_BIT_CONVERSION = YES;
				GCC_WARN_ABOUT_RETURN_TYPE = YES_ERROR;
				GCC_WARN_UNDECLARED_SELECTOR = YES;
				GCC_WARN_UNINITIALIZED_AUTOS = YES_AGGRESSIVE;
				GCC_WARN_UNUSED_FUNCTION = YES;
				GCC_WARN_UNUSED_VARIABLE = YES;
				IPHONEOS_DEPLOYMENT_TARGET = 10.0;
				MTL_ENABLE_DEBUG_INFO = YES;
				ONLY_ACTIVE_ARCH = YES;
				SDKROOT = iphoneos;
				SWIFT_ACTIVE_COMPILATION_CONDITIONS = DEBUG;
				SWIFT_OPTIMIZATION_LEVEL = "-Onone";
			};
			name = Debug;
		};
		E1EE42CC1DCF745F00B869AE /* Release */ = {
			isa = XCBuildConfiguration;
			buildSettings = {
				ALWAYS_SEARCH_USER_PATHS = NO;
				CLANG_ANALYZER_NONNULL = YES;
				CLANG_CXX_LANGUAGE_STANDARD = "gnu++0x";
				CLANG_CXX_LIBRARY = "libc++";
				CLANG_ENABLE_MODULES = YES;
				CLANG_ENABLE_OBJC_ARC = YES;
				CLANG_WARN_BOOL_CONVERSION = YES;
				CLANG_WARN_CONSTANT_CONVERSION = YES;
				CLANG_WARN_DIRECT_OBJC_ISA_USAGE = YES_ERROR;
				CLANG_WARN_DOCUMENTATION_COMMENTS = YES;
				CLANG_WARN_EMPTY_BODY = YES;
				CLANG_WARN_ENUM_CONVERSION = YES;
				CLANG_WARN_INFINITE_RECURSION = YES;
				CLANG_WARN_INT_CONVERSION = YES;
				CLANG_WARN_OBJC_ROOT_CLASS = YES_ERROR;
				CLANG_WARN_SUSPICIOUS_MOVES = YES;
				CLANG_WARN_UNREACHABLE_CODE = YES;
				CLANG_WARN__DUPLICATE_METHOD_MATCH = YES;
				"CODE_SIGN_IDENTITY[sdk=iphoneos*]" = "iPhone Developer";
				COPY_PHASE_STRIP = NO;
				DEBUG_INFORMATION_FORMAT = "dwarf-with-dsym";
				ENABLE_NS_ASSERTIONS = NO;
				ENABLE_STRICT_OBJC_MSGSEND = YES;
				GCC_C_LANGUAGE_STANDARD = gnu99;
				GCC_NO_COMMON_BLOCKS = YES;
				GCC_WARN_64_TO_32_BIT_CONVERSION = YES;
				GCC_WARN_ABOUT_RETURN_TYPE = YES_ERROR;
				GCC_WARN_UNDECLARED_SELECTOR = YES;
				GCC_WARN_UNINITIALIZED_AUTOS = YES_AGGRESSIVE;
				GCC_WARN_UNUSED_FUNCTION = YES;
				GCC_WARN_UNUSED_VARIABLE = YES;
				IPHONEOS_DEPLOYMENT_TARGET = 10.0;
				MTL_ENABLE_DEBUG_INFO = NO;
				SDKROOT = iphoneos;
				SWIFT_OPTIMIZATION_LEVEL = "-Owholemodule";
				VALIDATE_PRODUCT = YES;
			};
			name = Release;
		};
		E1EE42CE1DCF745F00B869AE /* Debug */ = {
			isa = XCBuildConfiguration;
			buildSettings = {
				ASSETCATALOG_COMPILER_LAUNCHIMAGE_NAME = LaunchImage;
				DEVELOPMENT_TEAM = V9858W9DAL;
				INFOPLIST_FILE = MyVoice/Info.plist;
				LD_RUNPATH_SEARCH_PATHS = "$(inherited) @executable_path/Frameworks";
				PRODUCT_BUNDLE_IDENTIFIER = Infinite.MyVoice;
				PRODUCT_NAME = "$(TARGET_NAME)";
				SWIFT_VERSION = 3.0;
			};
			name = Debug;
		};
		E1EE42CF1DCF745F00B869AE /* Release */ = {
			isa = XCBuildConfiguration;
			buildSettings = {
				ASSETCATALOG_COMPILER_LAUNCHIMAGE_NAME = LaunchImage;
				DEVELOPMENT_TEAM = V9858W9DAL;
				INFOPLIST_FILE = MyVoice/Info.plist;
				LD_RUNPATH_SEARCH_PATHS = "$(inherited) @executable_path/Frameworks";
				PRODUCT_BUNDLE_IDENTIFIER = Infinite.MyVoice;
				PRODUCT_NAME = "$(TARGET_NAME)";
				SWIFT_VERSION = 3.0;
			};
			name = Release;
		};
		E1EE42D11DCF745F00B869AE /* Debug */ = {
			isa = XCBuildConfiguration;
			buildSettings = {
				ALWAYS_EMBED_SWIFT_STANDARD_LIBRARIES = YES;
				BUNDLE_LOADER = "$(TEST_HOST)";
				DEVELOPMENT_TEAM = V9858W9DAL;
				INFOPLIST_FILE = MyVoiceTests/Info.plist;
				LD_RUNPATH_SEARCH_PATHS = "$(inherited) @executable_path/Frameworks @loader_path/Frameworks";
				PRODUCT_BUNDLE_IDENTIFIER = Infinite.MyVoiceTests;
				PRODUCT_NAME = "$(TARGET_NAME)";
				SWIFT_VERSION = 3.0;
				TEST_HOST = "$(BUILT_PRODUCTS_DIR)/MyVoice.app/MyVoice";
			};
			name = Debug;
		};
		E1EE42D21DCF745F00B869AE /* Release */ = {
			isa = XCBuildConfiguration;
			buildSettings = {
				ALWAYS_EMBED_SWIFT_STANDARD_LIBRARIES = YES;
				BUNDLE_LOADER = "$(TEST_HOST)";
				DEVELOPMENT_TEAM = V9858W9DAL;
				INFOPLIST_FILE = MyVoiceTests/Info.plist;
				LD_RUNPATH_SEARCH_PATHS = "$(inherited) @executable_path/Frameworks @loader_path/Frameworks";
				PRODUCT_BUNDLE_IDENTIFIER = Infinite.MyVoiceTests;
				PRODUCT_NAME = "$(TARGET_NAME)";
				SWIFT_VERSION = 3.0;
				TEST_HOST = "$(BUILT_PRODUCTS_DIR)/MyVoice.app/MyVoice";
			};
			name = Release;
		};
/* End XCBuildConfiguration section */

/* Begin XCConfigurationList section */
		E1EE42A91DCF745E00B869AE /* Build configuration list for PBXProject "MyVoice" */ = {
			isa = XCConfigurationList;
			buildConfigurations = (
				E1EE42CB1DCF745F00B869AE /* Debug */,
				E1EE42CC1DCF745F00B869AE /* Release */,
			);
			defaultConfigurationIsVisible = 0;
			defaultConfigurationName = Release;
		};
		E1EE42CD1DCF745F00B869AE /* Build configuration list for PBXNativeTarget "MyVoice" */ = {
			isa = XCConfigurationList;
			buildConfigurations = (
				E1EE42CE1DCF745F00B869AE /* Debug */,
				E1EE42CF1DCF745F00B869AE /* Release */,
			);
			defaultConfigurationIsVisible = 0;
			defaultConfigurationName = Release;
		};
		E1EE42D01DCF745F00B869AE /* Build configuration list for PBXNativeTarget "MyVoiceTests" */ = {
			isa = XCConfigurationList;
			buildConfigurations = (
				E1EE42D11DCF745F00B869AE /* Debug */,
				E1EE42D21DCF745F00B869AE /* Release */,
			);
			defaultConfigurationIsVisible = 0;
			defaultConfigurationName = Release;
		};
/* End XCConfigurationList section */
	};
	rootObject = E1EE42A61DCF745E00B869AE /* Project object */;
}
